
Microsoft Visual Studio Solution File, Format Version 12.00
# Visual Studio Version 16
VisualStudioVersion = 16.0.33423.256
MinimumVisualStudioVersion = 10.0.40219.1
Project("{C9674DCB-5085-4A16-B785-4C70DD1589BD}") = "Criando DW", "Criando DW\Criando DW.dtproj", "{1D146914-E648-4325-8AE6-F41BC623176E}"
EndProject
Global
	GlobalSection(SolutionConfigurationPlatforms) = preSolution
		Development|Default = Development|Default
	EndGlobalSection
	GlobalSection(ProjectConfigurationPlatforms) = postSolution
		{1D146914-E648-4325-8AE6-F41BC623176E}.Development|Default.ActiveCfg = Development
		{1D146914-E648-4325-8AE6-F41BC623176E}.Development|Default.Build.0 = Development
	EndGlobalSection
	GlobalSection(SolutionProperties) = preSolution
		HideSolutionNode = FALSE
	EndGlobalSection
	GlobalSection(ExtensibilityGlobals) = postSolution
		SolutionGuid = {13CC5F7F-98F4-48A5-903D-71E470CA479E}
	EndGlobalSection
EndGlobal
